
Microsoft Visual Studio Solution File, Format Version 12.00
# Visual Studio Version 17
VisualStudioVersion = 17.4.33403.182
MinimumVisualStudioVersion = 10.0.40219.1
Project("{FAE04EC0-301F-11D3-BF4B-00C04F79EFBC}") = "Portafolio", "Portafolio\Portafolio.csproj", "{B55DD694-340B-4506-8B3A-0D8343847486}"
EndProject
Global
	GlobalSection(SolutionConfigurationPlatforms) = preSolution
		Debug|Any CPU = Debug|Any CPU
		Release|Any CPU = Release|Any CPU
	EndGlobalSection
	GlobalSection(ProjectConfigurationPlatforms) = postSolution
		{B55DD694-340B-4506-8B3A-0D8343847486}.Debug|Any CPU.ActiveCfg = Debug|Any CPU
		{B55DD694-340B-4506-8B3A-0D8343847486}.Debug|Any CPU.Build.0 = Debug|Any CPU
		{B55DD694-340B-4506-8B3A-0D8343847486}.Release|Any CPU.ActiveCfg = Release|Any CPU
		{B55DD694-340B-4506-8B3A-0D8343847486}.Release|Any CPU.Build.0 = Release|Any CPU
	EndGlobalSection
	GlobalSection(SolutionProperties) = preSolution
		HideSolutionNode = FALSE
	EndGlobalSection
	GlobalSection(ExtensibilityGlobals) = postSolution
		SolutionGuid = {5A17D961-BD6C-4DFD-9BED-30C8E0DAE425}
	EndGlobalSection
EndGlobal
